<?xml version="1.0" encoding="UTF-8" standalone="yes" ?>
<CodeBlocks_project_file>
	<FileVersion major="1" minor="6" />
	<Project>
		<Option title="PaymentSystem" />
		<Option pch_mode="2" />
		<Option compiler="gcc" />
		<Build>
			<Target title="Debug">
				<Option output="bin/Debug/PaymentSystem" prefix_auto="1" extension_auto="1" />
				<Option object_output="obj/Debug/" />
				<Option type="1" />
				<Option compiler="gcc" />
				<Compiler>
					<Add option="-g" />
				</Compiler>
			</Target>
			<Target title="Release">
				<Option output="bin/Release/PaymentSystem" prefix_auto="1" extension_auto="1" />
				<Option object_output="obj/Release/" />
				<Option type="1" />
				<Option compiler="gcc" />
				<Compiler>
					<Add option="-O2" />
				</Compiler>
				<Linker>
					<Add option="-s" />
				</Linker>
			</Target>
		</Build>
		<Compiler>
			<Add option="-Wall" />
			<Add option="-fexceptions" />
		</Compiler>
		<Unit filename="UnitTests/DateTest.cpp" />
		<Unit filename="UnitTests/DocumentTest.cpp" />
		<Unit filename="UnitTests/FromToBudgetOrderTest.cpp" />
		<Unit filename="UnitTests/IBANTest.cpp" />
		<Unit filename="UnitTests/InternationalBankTest.cpp" />
		<Unit filename="UnitTests/InternationalOrderTest.cpp" />
		<Unit filename="UnitTests/NumberInWordsTest.cpp" />
		<Unit filename="UnitTests/OrdinaryOrderTest.cpp" />
		<Unit filename="UnitTests/TransactionTest.cpp" />
		<Unit filename="UnitTests/catch.hpp" />
		<Unit filename="UnitTests/maintest.cpp" />
		<Unit filename="headers/ChargesDetails.h" />
		<Unit filename="headers/Date.h" />
		<Unit filename="headers/Document.h" />
		<Unit filename="headers/FromToBudgetOrder.h" />
		<Unit filename="headers/IBAN.h" />
		<Unit filename="headers/InternationalBank.h" />
		<Unit filename="headers/InternationalPaymentOrder.h" />
		<Unit filename="headers/NumberInWords.h" />
		<Unit filename="headers/OrdinaryOrder.h" />
		<Unit filename="headers/PaymentOrder.h" />
		<Unit filename="headers/SettlementSystem.h" />
		<Unit filename="headers/Transaction.h" />
		<Unit filename="headers/ValueDate.h" />
		<Unit filename="headers/sql-controllers.h" />
		<Unit filename="headers/transactionStatus.h" />
		<Unit filename="sources/Date.cpp" />
		<Unit filename="sources/Document.cpp" />
		<Unit filename="sources/FromToBudgetOrder.cpp" />
		<Unit filename="sources/IBAN.cpp" />
		<Unit filename="sources/InternationalBank.cpp" />
		<Unit filename="sources/InternationalPaymentOrder.cpp" />
		<Unit filename="sources/NumberInWords.cpp" />
		<Unit filename="sources/OrdinaryOrder.cpp" />
		<Unit filename="sources/PaymentOrder.cpp" />
		<Unit filename="sources/Transaction.cpp" />
		<Unit filename="sources/main.cpp" />
		<Unit filename="sources/sql-controllers.cpp" />
		<Extensions>
			<code_completion />
			<debugger />
		</Extensions>
	</Project>
</CodeBlocks_project_file>
